{
  "_why": "What this catches: dependency lock files being reported as secrets. A lock file is almost entirely base64 integrity hashes, which entropy cannot distinguish from a credential.",
  "name": "example",
  "lockfileVersion": 3,
  "packages": {
    "node_modules/accepts": {
      "version": "1.0.0",
      "resolved": "https://registry.npmjs.org/accepts/-/accepts-1.0.0.tgz",
      "integrity": "sha512-2eYUGNLYydDFlAf1c3moIFiRkvdivFPEkNFKBon77LH+gBGjCU7bJhcbB7mmYhQ0fHdZnuc0bBdBlLyOx/GjVQ=="
    },
    "node_modules/body-parser": {
      "version": "1.1.0",
      "resolved": "https://registry.npmjs.org/body-parser/-/body-parser-1.1.0.tgz",
      "integrity": "sha512-t+HNzaB5gxdvnAFhwsyTSMosbqoj/0pT8I6jxJeuiyYKU0L8aBphRE0tvI3/XXjiub8d/8z0rXnx+ClHq4/tjQ=="
    },
    "node_modules/cookie": {
      "version": "1.2.0",
      "resolved": "https://registry.npmjs.org/cookie/-/cookie-1.2.0.tgz",
      "integrity": "sha512-FoYo7mlGEvEruTra24/jUHkenUC7UdOYWAlITLortCoosxdmfke2kYU7DjG+hPXSJ+MVEA4aavpTbraRpQcHmw=="
    },
    "node_modules/debug": {
      "version": "1.3.0",
      "resolved": "https://registry.npmjs.org/debug/-/debug-1.3.0.tgz",
      "integrity": "sha512-VMnKXcbrnYh3sNgX1ihOuavM8cDN+GUjyOLGbwXf7jOUlxZ403Sx412XLt8l0fwr5HYY0BUA64SaFP3pa2FRIw=="
    },
    "node_modules/qs": {
      "version": "1.4.0",
      "resolved": "https://registry.npmjs.org/qs/-/qs-1.4.0.tgz",
      "integrity": "sha512-iY8DN2xSoUbqYXaqisIYUiwmo+YuFdBG6/CM1JCdQtFIpbthtgIbWgQssOJ1bLPbnFUSx9wEdeb50V5nEg5sRw=="
    }
  }
}
